<Solution>
  <Folder Name="/src/">
    <Project Path="src/Aegis.Auth/Aegis.Auth.csproj" />
  </Folder>
  <Folder Name="/tests/">
    <Project Path="tests/Aegis.Auth.Tests/Aegis.Auth.Tests.csproj" />
  </Folder>
  <Folder Name="/samples/">
    <Project Path="samples/Aegis.Auth.Sample/Aegis.Auth.Sample.csproj" />
  </Folder>
</Solution>
